// !$*UTF8*$!
{
	archiveVersion = 1;
	classes = {
	};
	objectVersion = 51;
	objects = {

/* Begin PBXBuildFile section */
		48A9C4952508D7150066DE0D /* AppDelegate.swift in Sources */ = {isa = PBXBuildFile; fileRef = 48A9C4942508D7150066DE0D /* AppDelegate.swift */; };
		48A9C4972508D7150066DE0D /* SceneDelegate.swift in Sources */ = {isa = PBXBuildFile; fileRef = 48A9C4962508D7150066DE0D /* SceneDelegate.swift */; };
		48A9C4992508D7150066DE0D /* ViewController.swift in Sources */ = {isa = PBXBuildFile; fileRef = 48A9C4982508D7150066DE0D /* ViewController.swift */; };
		48A9C49C2508D7150066DE0D /* Main.storyboard in Resources */ = {isa = PBXBuildFile; fileRef = 48A9C49A2508D7150066DE0D /* Main.storyboard */; };
		48A9C49E2508D7170066DE0D /* Assets.xcassets in Resources */ = {isa = PBXBuildFile; fileRef = 48A9C49D2508D7170066DE0D /* Assets.xcassets */; };
		48A9C4A12508D7170066DE0D /* LaunchScreen.storyboard in Resources */ = {isa = PBXBuildFile; fileRef = 48A9C49F2508D7170066DE0D /* LaunchScreen.storyboard */; };
		48A9C4AC2508D7170066DE0D /* ml_cicdTests.swift in Sources */ = {isa = PBXBuildFile; fileRef = 48A9C4AB2508D7170066DE0D /* ml_cicdTests.swift */; };
		48A9C4B72508D7170066DE0D /* ml_cicdUITests.swift in Sources */ = {isa = PBXBuildFile; fileRef = 48A9C4B62508D7170066DE0D /* ml_cicdUITests.swift */; };
		48A9C4C52508E22E0066DE0D /* CameraVC.swift in Sources */ = {isa = PBXBuildFile; fileRef = 48A9C4C42508E22E0066DE0D /* CameraVC.swift */; };
		48A9C4CA2508E4970066DE0D /* ImageViewController.swift in Sources */ = {isa = PBXBuildFile; fileRef = 48A9C4C92508E4970066DE0D /* ImageViewController.swift */; };
		48A9C4CD2508EF700066DE0D /* Wilhelm_Scream.ogg.mp3 in Resources */ = {isa = PBXBuildFile; fileRef = 48A9C4CC2508EF700066DE0D /* Wilhelm_Scream.ogg.mp3 */; };
		62FF4264E6ADD069551B7918 /* Pods_ml_cicd.framework in Frameworks */ = {isa = PBXBuildFile; fileRef = 3AE4EBC490EAB59C503CE4D6 /* Pods_ml_cicd.framework */; };
		7E2E4AE2115083C3FD5458C2 /* Pods_ml_cicdTests.framework in Frameworks */ = {isa = PBXBuildFile; fileRef = 312999A3E649AC13B785B70B /* Pods_ml_cicdTests.framework */; };
		DFC87058E23FB6FB221CEDAF /* Pods_ml_cicd_ml_cicdUITests.framework in Frameworks */ = {isa = PBXBuildFile; fileRef = 8269457D78A2026105A4DAB9 /* Pods_ml_cicd_ml_cicdUITests.framework */; };
/* End PBXBuildFile section */

/* Begin PBXContainerItemProxy section */
		48A9C4A82508D7170066DE0D /* PBXContainerItemProxy */ = {
			isa = PBXContainerItemProxy;
			containerPortal = 48A9C4892508D7150066DE0D /* Project object */;
			proxyType = 1;
			remoteGlobalIDString = 48A9C4902508D7150066DE0D;
			remoteInfo = "ml-cicd";
		};
		48A9C4B32508D7170066DE0D /* PBXContainerItemProxy */ = {
			isa = PBXContainerItemProxy;
			containerPortal = 48A9C4892508D7150066DE0D /* Project object */;
			proxyType = 1;
			remoteGlobalIDString = 48A9C4902508D7150066DE0D;
			remoteInfo = "ml-cicd";
		};
/* End PBXContainerItemProxy section */

/* Begin PBXFileReference section */
		1226376B461264EE113370E0 /* Pods-ml-cicdTests.debug.xcconfig */ = {isa = PBXFileReference; includeInIndex = 1; lastKnownFileType = text.xcconfig; name = "Pods-ml-cicdTests.debug.xcconfig"; path = "Target Support Files/Pods-ml-cicdTests/Pods-ml-cicdTests.debug.xcconfig"; sourceTree = "<group>"; };
		312999A3E649AC13B785B70B /* Pods_ml_cicdTests.framework */ = {isa = PBXFileReference; explicitFileType = wrapper.framework; includeInIndex = 0; path = Pods_ml_cicdTests.framework; sourceTree = BUILT_PRODUCTS_DIR; };
		3AE4EBC490EAB59C503CE4D6 /* Pods_ml_cicd.framework */ = {isa = PBXFileReference; explicitFileType = wrapper.framework; includeInIndex = 0; path = Pods_ml_cicd.framework; sourceTree = BUILT_PRODUCTS_DIR; };
		48A9C4912508D7150066DE0D /* ml-cicd.app */ = {isa = PBXFileReference; explicitFileType = wrapper.application; includeInIndex = 0; path = "ml-cicd.app"; sourceTree = BUILT_PRODUCTS_DIR; };
		48A9C4942508D7150066DE0D /* AppDelegate.swift */ = {isa = PBXFileReference; lastKnownFileType = sourcecode.swift; path = AppDelegate.swift; sourceTree = "<group>"; };
		48A9C4962508D7150066DE0D /* SceneDelegate.swift */ = {isa = PBXFileReference; lastKnownFileType = sourcecode.swift; path = SceneDelegate.swift; sourceTree = "<group>"; };
		48A9C4982508D7150066DE0D /* ViewController.swift */ = {isa = PBXFileReference; lastKnownFileType = sourcecode.swift; path = ViewController.swift; sourceTree = "<group>"; };
		48A9C49B2508D7150066DE0D /* Base */ = {isa = PBXFileReference; lastKnownFileType = file.storyboard; name = Base; path = Base.lproj/Main.storyboard; sourceTree = "<group>"; };
		48A9C49D2508D7170066DE0D /* Assets.xcassets */ = {isa = PBXFileReference; lastKnownFileType = folder.assetcatalog; path = Assets.xcassets; sourceTree = "<group>"; };
		48A9C4A02508D7170066DE0D /* Base */ = {isa = PBXFileReference; lastKnownFileType = file.storyboard; name = Base; path = Base.lproj/LaunchScreen.storyboard; sourceTree = "<group>"; };
		48A9C4A22508D7170066DE0D /* Info.plist */ = {isa = PBXFileReference; lastKnownFileType = text.plist.xml; path = Info.plist; sourceTree = "<group>"; };
		48A9C4A72508D7170066DE0D /* ml-cicdTests.xctest */ = {isa = PBXFileReference; explicitFileType = wrapper.cfbundle; includeInIndex = 0; path = "ml-cicdTests.xctest"; sourceTree = BUILT_PRODUCTS_DIR; };
		48A9C4AB2508D7170066DE0D /* ml_cicdTests.swift */ = {isa = PBXFileReference; lastKnownFileType = sourcecode.swift; path = ml_cicdTests.swift; sourceTree = "<group>"; };
		48A9C4AD2508D7170066DE0D /* Info.plist */ = {isa = PBXFileReference; lastKnownFileType = text.plist.xml; path = Info.plist; sourceTree = "<group>"; };
		48A9C4B22508D7170066DE0D /* ml-cicdUITests.xctest */ = {isa = PBXFileReference; explicitFileType = wrapper.cfbundle; includeInIndex = 0; path = "ml-cicdUITests.xctest"; sourceTree = BUILT_PRODUCTS_DIR; };
		48A9C4B62508D7170066DE0D /* ml_cicdUITests.swift */ = {isa = PBXFileReference; lastKnownFileType = sourcecode.swift; path = ml_cicdUITests.swift; sourceTree = "<group>"; };
		48A9C4B82508D7170066DE0D /* Info.plist */ = {isa = PBXFileReference; lastKnownFileType = text.plist.xml; path = Info.plist; sourceTree = "<group>"; };
		48A9C4C42508E22E0066DE0D /* CameraVC.swift */ = {isa = PBXFileReference; lastKnownFileType = sourcecode.swift; path = CameraVC.swift; sourceTree = "<group>"; };
		48A9C4C92508E4970066DE0D /* ImageViewController.swift */ = {isa = PBXFileReference; lastKnownFileType = sourcecode.swift; path = ImageViewController.swift; sourceTree = "<group>"; };
		48A9C4CC2508EF700066DE0D /* Wilhelm_Scream.ogg.mp3 */ = {isa = PBXFileReference; lastKnownFileType = audio.mp3; path = Wilhelm_Scream.ogg.mp3; sourceTree = "<group>"; };
		5175F1C530498B37C46F4393 /* Pods-ml-cicd.release.xcconfig */ = {isa = PBXFileReference; includeInIndex = 1; lastKnownFileType = text.xcconfig; name = "Pods-ml-cicd.release.xcconfig"; path = "Target Support Files/Pods-ml-cicd/Pods-ml-cicd.release.xcconfig"; sourceTree = "<group>"; };
		605605B4B673A99727653364 /* Pods-ml-cicd-ml-cicdUITests.debug.xcconfig */ = {isa = PBXFileReference; includeInIndex = 1; lastKnownFileType = text.xcconfig; name = "Pods-ml-cicd-ml-cicdUITests.debug.xcconfig"; path = "Target Support Files/Pods-ml-cicd-ml-cicdUITests/Pods-ml-cicd-ml-cicdUITests.debug.xcconfig"; sourceTree = "<group>"; };
		8269457D78A2026105A4DAB9 /* Pods_ml_cicd_ml_cicdUITests.framework */ = {isa = PBXFileReference; explicitFileType = wrapper.framework; includeInIndex = 0; path = Pods_ml_cicd_ml_cicdUITests.framework; sourceTree = BUILT_PRODUCTS_DIR; };
		8DF22A06A029737250FA5F12 /* Pods-ml-cicd-ml-cicdUITests.release.xcconfig */ = {isa = PBXFileReference; includeInIndex = 1; lastKnownFileType = text.xcconfig; name = "Pods-ml-cicd-ml-cicdUITests.release.xcconfig"; path = "Target Support Files/Pods-ml-cicd-ml-cicdUITests/Pods-ml-cicd-ml-cicdUITests.release.xcconfig"; sourceTree = "<group>"; };
		C841E334EDCA7ACC131888C4 /* Pods-ml-cicdTests.release.xcconfig */ = {isa = PBXFileReference; includeInIndex = 1; lastKnownFileType = text.xcconfig; name = "Pods-ml-cicdTests.release.xcconfig"; path = "Target Support Files/Pods-ml-cicdTests/Pods-ml-cicdTests.release.xcconfig"; sourceTree = "<group>"; };
		FA32FDF1B07F90D3BE695D08 /* Pods-ml-cicd.debug.xcconfig */ = {isa = PBXFileReference; includeInIndex = 1; lastKnownFileType = text.xcconfig; name = "Pods-ml-cicd.debug.xcconfig"; path = "Target Support Files/Pods-ml-cicd/Pods-ml-cicd.debug.xcconfig"; sourceTree = "<group>"; };
/* End PBXFileReference section */

/* Begin PBXFrameworksBuildPhase section */
		48A9C48E2508D7150066DE0D /* Frameworks */ = {
			isa = PBXFrameworksBuildPhase;
			buildActionMask = 2147483647;
			files = (
				62FF4264E6ADD069551B7918 /* Pods_ml_cicd.framework in Frameworks */,
			);
			runOnlyForDeploymentPostprocessing = 0;
		};
		48A9C4A42508D7170066DE0D /* Frameworks */ = {
			isa = PBXFrameworksBuildPhase;
			buildActionMask = 2147483647;
			files = (
				7E2E4AE2115083C3FD5458C2 /* Pods_ml_cicdTests.framework in Frameworks */,
			);
			runOnlyForDeploymentPostprocessing = 0;
		};
		48A9C4AF2508D7170066DE0D /* Frameworks */ = {
			isa = PBXFrameworksBuildPhase;
			buildActionMask = 2147483647;
			files = (
				DFC87058E23FB6FB221CEDAF /* Pods_ml_cicd_ml_cicdUITests.framework in Frameworks */,
			);
			runOnlyForDeploymentPostprocessing = 0;
		};
/* End PBXFrameworksBuildPhase section */

/* Begin PBXGroup section */
		48A9C4882508D7150066DE0D = {
			isa = PBXGroup;
			children = (
				48A9C4932508D7150066DE0D /* ml-cicd */,
				48A9C4AA2508D7170066DE0D /* ml-cicdTests */,
				48A9C4B52508D7170066DE0D /* ml-cicdUITests */,
				48A9C4922508D7150066DE0D /* Products */,
				AB0F8D50FF35B0F5B844921A /* Pods */,
				E21CA69387C4207B067CA5E5 /* Frameworks */,
			);
			sourceTree = "<group>";
		};
		48A9C4922508D7150066DE0D /* Products */ = {
			isa = PBXGroup;
			children = (
				48A9C4912508D7150066DE0D /* ml-cicd.app */,
				48A9C4A72508D7170066DE0D /* ml-cicdTests.xctest */,
				48A9C4B22508D7170066DE0D /* ml-cicdUITests.xctest */,
			);
			name = Products;
			sourceTree = "<group>";
		};
		48A9C4932508D7150066DE0D /* ml-cicd */ = {
			isa = PBXGroup;
			children = (
				48A9C4CB2508EF590066DE0D /* Supporting Files */,
				48A9C4C82508E25F0066DE0D /* Main Files */,
				48A9C4C72508E2500066DE0D /* Storyboards */,
				48A9C4C62508E2350066DE0D /* Controllers */,
				48A9C49D2508D7170066DE0D /* Assets.xcassets */,
				48A9C4A22508D7170066DE0D /* Info.plist */,
			);
			path = "ml-cicd";
			sourceTree = "<group>";
		};
		48A9C4AA2508D7170066DE0D /* ml-cicdTests */ = {
			isa = PBXGroup;
			children = (
				48A9C4AB2508D7170066DE0D /* ml_cicdTests.swift */,
				48A9C4AD2508D7170066DE0D /* Info.plist */,
			);
			path = "ml-cicdTests";
			sourceTree = "<group>";
		};
		48A9C4B52508D7170066DE0D /* ml-cicdUITests */ = {
			isa = PBXGroup;
			children = (
				48A9C4B62508D7170066DE0D /* ml_cicdUITests.swift */,
				48A9C4B82508D7170066DE0D /* Info.plist */,
			);
			path = "ml-cicdUITests";
			sourceTree = "<group>";
		};
		48A9C4C62508E2350066DE0D /* Controllers */ = {
			isa = PBXGroup;
			children = (
				48A9C4982508D7150066DE0D /* ViewController.swift */,
				48A9C4C42508E22E0066DE0D /* CameraVC.swift */,
				48A9C4C92508E4970066DE0D /* ImageViewController.swift */,
			);
			path = Controllers;
			sourceTree = "<group>";
		};
		48A9C4C72508E2500066DE0D /* Storyboards */ = {
			isa = PBXGroup;
			children = (
				48A9C49A2508D7150066DE0D /* Main.storyboard */,
				48A9C49F2508D7170066DE0D /* LaunchScreen.storyboard */,
			);
			path = Storyboards;
			sourceTree = "<group>";
		};
		48A9C4C82508E25F0066DE0D /* Main Files */ = {
			isa = PBXGroup;
			children = (
				48A9C4942508D7150066DE0D /* AppDelegate.swift */,
				48A9C4962508D7150066DE0D /* SceneDelegate.swift */,
			);
			path = "Main Files";
			sourceTree = "<group>";
		};
		48A9C4CB2508EF590066DE0D /* Supporting Files */ = {
			isa = PBXGroup;
			children = (
				48A9C4CC2508EF700066DE0D /* Wilhelm_Scream.ogg.mp3 */,
			);
			path = "Supporting Files";
			sourceTree = "<group>";
		};
		AB0F8D50FF35B0F5B844921A /* Pods */ = {
			isa = PBXGroup;
			children = (
				FA32FDF1B07F90D3BE695D08 /* Pods-ml-cicd.debug.xcconfig */,
				5175F1C530498B37C46F4393 /* Pods-ml-cicd.release.xcconfig */,
				605605B4B673A99727653364 /* Pods-ml-cicd-ml-cicdUITests.debug.xcconfig */,
				8DF22A06A029737250FA5F12 /* Pods-ml-cicd-ml-cicdUITests.release.xcconfig */,
				1226376B461264EE113370E0 /* Pods-ml-cicdTests.debug.xcconfig */,
				C841E334EDCA7ACC131888C4 /* Pods-ml-cicdTests.release.xcconfig */,
			);
			path = Pods;
			sourceTree = "<group>";
		};
		E21CA69387C4207B067CA5E5 /* Frameworks */ = {
			isa = PBXGroup;
			children = (
				3AE4EBC490EAB59C503CE4D6 /* Pods_ml_cicd.framework */,
				8269457D78A2026105A4DAB9 /* Pods_ml_cicd_ml_cicdUITests.framework */,
				312999A3E649AC13B785B70B /* Pods_ml_cicdTests.framework */,
			);
			name = Frameworks;
			sourceTree = "<group>";
		};
/* End PBXGroup section */

/* Begin PBXNativeTarget section */
		48A9C4902508D7150066DE0D /* ml-cicd */ = {
			isa = PBXNativeTarget;
			buildConfigurationList = 48A9C4BB2508D7170066DE0D /* Build configuration list for PBXNativeTarget "ml-cicd" */;
			buildPhases = (
				996CBEA6D2E868035B41F6F4 /* [CP] Check Pods Manifest.lock */,
				48A9C48D2508D7150066DE0D /* Sources */,
				48A9C48E2508D7150066DE0D /* Frameworks */,
				48A9C48F2508D7150066DE0D /* Resources */,
				224EA175594A2A3EF403BB6E /* [CP] Embed Pods Frameworks */,
			);
			buildRules = (
			);
			dependencies = (
			);
			name = "ml-cicd";
			productName = "ml-cicd";
			productReference = 48A9C4912508D7150066DE0D /* ml-cicd.app */;
			productType = "com.apple.product-type.application";
		};
		48A9C4A62508D7170066DE0D /* ml-cicdTests */ = {
			isa = PBXNativeTarget;
			buildConfigurationList = 48A9C4BE2508D7170066DE0D /* Build configuration list for PBXNativeTarget "ml-cicdTests" */;
			buildPhases = (
				C9F685BD74B4AEA24AE7801D /* [CP] Check Pods Manifest.lock */,
				48A9C4A32508D7170066DE0D /* Sources */,
				48A9C4A42508D7170066DE0D /* Frameworks */,
				48A9C4A52508D7170066DE0D /* Resources */,
			);
			buildRules = (
			);
			dependencies = (
				48A9C4A92508D7170066DE0D /* PBXTargetDependency */,
			);
			name = "ml-cicdTests";
			productName = "ml-cicdTests";
			productReference = 48A9C4A72508D7170066DE0D /* ml-cicdTests.xctest */;
			productType = "com.apple.product-type.bundle.unit-test";
		};
		48A9C4B12508D7170066DE0D /* ml-cicdUITests */ = {
			isa = PBXNativeTarget;
			buildConfigurationList = 48A9C4C12508D7170066DE0D /* Build configuration list for PBXNativeTarget "ml-cicdUITests" */;
			buildPhases = (
				5D6CF6509D34C95C80F74129 /* [CP] Check Pods Manifest.lock */,
				48A9C4AE2508D7170066DE0D /* Sources */,
				48A9C4AF2508D7170066DE0D /* Frameworks */,
				48A9C4B02508D7170066DE0D /* Resources */,
				603C63C8DA64245AB6C3D769 /* [CP] Embed Pods Frameworks */,
			);
			buildRules = (
			);
			dependencies = (
				48A9C4B42508D7170066DE0D /* PBXTargetDependency */,
			);
			name = "ml-cicdUITests";
			productName = "ml-cicdUITests";
			productReference = 48A9C4B22508D7170066DE0D /* ml-cicdUITests.xctest */;
			productType = "com.apple.product-type.bundle.ui-testing";
		};
/* End PBXNativeTarget section */

/* Begin PBXProject section */
		48A9C4892508D7150066DE0D /* Project object */ = {
			isa = PBXProject;
			attributes = {
				LastSwiftUpdateCheck = 1160;
				LastUpgradeCheck = 1160;
				ORGANIZATIONNAME = Ascentspark;
				TargetAttributes = {
					48A9C4902508D7150066DE0D = {
						CreatedOnToolsVersion = 11.6;
					};
					48A9C4A62508D7170066DE0D = {
						CreatedOnToolsVersion = 11.6;
						TestTargetID = 48A9C4902508D7150066DE0D;
					};
					48A9C4B12508D7170066DE0D = {
						CreatedOnToolsVersion = 11.6;
						TestTargetID = 48A9C4902508D7150066DE0D;
					};
				};
			};
			buildConfigurationList = 48A9C48C2508D7150066DE0D /* Build configuration list for PBXProject "ml-cicd" */;
			compatibilityVersion = "Xcode 9.3";
			developmentRegion = en;
			hasScannedForEncodings = 0;
			knownRegions = (
				en,
				Base,
			);
			mainGroup = 48A9C4882508D7150066DE0D;
			productRefGroup = 48A9C4922508D7150066DE0D /* Products */;
			projectDirPath = "";
			projectRoot = "";
			targets = (
				48A9C4902508D7150066DE0D /* ml-cicd */,
				48A9C4A62508D7170066DE0D /* ml-cicdTests */,
				48A9C4B12508D7170066DE0D /* ml-cicdUITests */,
			);
		};
/* End PBXProject section */

/* Begin PBXResourcesBuildPhase section */
		48A9C48F2508D7150066DE0D /* Resources */ = {
			isa = PBXResourcesBuildPhase;
			buildActionMask = 2147483647;
			files = (
				48A9C4A12508D7170066DE0D /* LaunchScreen.storyboard in Resources */,
				48A9C49E2508D7170066DE0D /* Assets.xcassets in Resources */,
				48A9C49C2508D7150066DE0D /* Main.storyboard in Resources */,
				48A9C4CD2508EF700066DE0D /* Wilhelm_Scream.ogg.mp3 in Resources */,
			);
			runOnlyForDeploymentPostprocessing = 0;
		};
		48A9C4A52508D7170066DE0D /* Resources */ = {
			isa = PBXResourcesBuildPhase;
			buildActionMask = 2147483647;
			files = (
			);
			runOnlyForDeploymentPostprocessing = 0;
		};
		48A9C4B02508D7170066DE0D /* Resources */ = {
			isa = PBXResourcesBuildPhase;
			buildActionMask = 2147483647;
			files = (
			);
			runOnlyForDeploymentPostprocessing = 0;
		};
/* End PBXResourcesBuildPhase section */

/* Begin PBXShellScriptBuildPhase section */
		224EA175594A2A3EF403BB6E /* [CP] Embed Pods Frameworks */ = {
			isa = PBXShellScriptBuildPhase;
			buildActionMask = 2147483647;
			files = (
			);
			inputFileListPaths = (
				"${PODS_ROOT}/Target Support Files/Pods-ml-cicd/Pods-ml-cicd-frameworks-${CONFIGURATION}-input-files.xcfilelist",
			);
			name = "[CP] Embed Pods Frameworks";
			outputFileListPaths = (
				"${PODS_ROOT}/Target Support Files/Pods-ml-cicd/Pods-ml-cicd-frameworks-${CONFIGURATION}-output-files.xcfilelist",
			);
			runOnlyForDeploymentPostprocessing = 0;
			shellPath = /bin/sh;
			shellScript = "\"${PODS_ROOT}/Target Support Files/Pods-ml-cicd/Pods-ml-cicd-frameworks.sh\"\n";
			showEnvVarsInLog = 0;
		};
		5D6CF6509D34C95C80F74129 /* [CP] Check Pods Manifest.lock */ = {
			isa = PBXShellScriptBuildPhase;
			buildActionMask = 2147483647;
			files = (
			);
			inputFileListPaths = (
			);
			inputPaths = (
				"${PODS_PODFILE_DIR_PATH}/Podfile.lock",
				"${PODS_ROOT}/Manifest.lock",
			);
			name = "[CP] Check Pods Manifest.lock";
			outputFileListPaths = (
			);
			outputPaths = (
				"$(DERIVED_FILE_DIR)/Pods-ml-cicd-ml-cicdUITests-checkManifestLockResult.txt",
			);
			runOnlyForDeploymentPostprocessing = 0;
			shellPath = /bin/sh;
			shellScript = "diff \"${PODS_PODFILE_DIR_PATH}/Podfile.lock\" \"${PODS_ROOT}/Manifest.lock\" > /dev/null\nif [ $? != 0 ] ; then\n    # print error to STDERR\n    echo \"error: The sandbox is not in sync with the Podfile.lock. Run 'pod install' or update your CocoaPods installation.\" >&2\n    exit 1\nfi\n# This output is used by Xcode 'outputs' to avoid re-running this script phase.\necho \"SUCCESS\" > \"${SCRIPT_OUTPUT_FILE_0}\"\n";
			showEnvVarsInLog = 0;
		};
		603C63C8DA64245AB6C3D769 /* [CP] Embed Pods Frameworks */ = {
			isa = PBXShellScriptBuildPhase;
			buildActionMask = 2147483647;
			files = (
			);
			inputFileListPaths = (
				"${PODS_ROOT}/Target Support Files/Pods-ml-cicd-ml-cicdUITests/Pods-ml-cicd-ml-cicdUITests-frameworks-${CONFIGURATION}-input-files.xcfilelist",
			);
			name = "[CP] Embed Pods Frameworks";
			outputFileListPaths = (
				"${PODS_ROOT}/Target Support Files/Pods-ml-cicd-ml-cicdUITests/Pods-ml-cicd-ml-cicdUITests-frameworks-${CONFIGURATION}-output-files.xcfilelist",
			);
			runOnlyForDeploymentPostprocessing = 0;
			shellPath = /bin/sh;
			shellScript = "\"${PODS_ROOT}/Target Support Files/Pods-ml-cicd-ml-cicdUITests/Pods-ml-cicd-ml-cicdUITests-frameworks.sh\"\n";
			showEnvVarsInLog = 0;
		};
		996CBEA6D2E868035B41F6F4 /* [CP] Check Pods Manifest.lock */ = {
			isa = PBXShellScriptBuildPhase;
			buildActionMask = 2147483647;
			files = (
			);
			inputFileListPaths = (
			);
			inputPaths = (
				"${PODS_PODFILE_DIR_PATH}/Podfile.lock",
				"${PODS_ROOT}/Manifest.lock",
			);
			name = "[CP] Check Pods Manifest.lock";
			outputFileListPaths = (
			);
			outputPaths = (
				"$(DERIVED_FILE_DIR)/Pods-ml-cicd-checkManifestLockResult.txt",
			);
			runOnlyForDeploymentPostprocessing = 0;
			shellPath = /bin/sh;
			shellScript = "diff \"${PODS_PODFILE_DIR_PATH}/Podfile.lock\" \"${PODS_ROOT}/Manifest.lock\" > /dev/null\nif [ $? != 0 ] ; then\n    # print error to STDERR\n    echo \"error: The sandbox is not in sync with the Podfile.lock. Run 'pod install' or update your CocoaPods installation.\" >&2\n    exit 1\nfi\n# This output is used by Xcode 'outputs' to avoid re-running this script phase.\necho \"SUCCESS\" > \"${SCRIPT_OUTPUT_FILE_0}\"\n";
			showEnvVarsInLog = 0;
		};
		C9F685BD74B4AEA24AE7801D /* [CP] Check Pods Manifest.lock */ = {
			isa = PBXShellScriptBuildPhase;
			buildActionMask = 2147483647;
			files = (
			);
			inputFileListPaths = (
			);
			inputPaths = (
				"${PODS_PODFILE_DIR_PATH}/Podfile.lock",
				"${PODS_ROOT}/Manifest.lock",
			);
			name = "[CP] Check Pods Manifest.lock";
			outputFileListPaths = (
			);
			outputPaths = (
				"$(DERIVED_FILE_DIR)/Pods-ml-cicdTests-checkManifestLockResult.txt",
			);
			runOnlyForDeploymentPostprocessing = 0;
			shellPath = /bin/sh;
			shellScript = "diff \"${PODS_PODFILE_DIR_PATH}/Podfile.lock\" \"${PODS_ROOT}/Manifest.lock\" > /dev/null\nif [ $? != 0 ] ; then\n    # print error to STDERR\n    echo \"error: The sandbox is not in sync with the Podfile.lock. Run 'pod install' or update your CocoaPods installation.\" >&2\n    exit 1\nfi\n# This output is used by Xcode 'outputs' to avoid re-running this script phase.\necho \"SUCCESS\" > \"${SCRIPT_OUTPUT_FILE_0}\"\n";
			showEnvVarsInLog = 0;
		};
/* End PBXShellScriptBuildPhase section */

/* Begin PBXSourcesBuildPhase section */
		48A9C48D2508D7150066DE0D /* Sources */ = {
			isa = PBXSourcesBuildPhase;
			buildActionMask = 2147483647;
			files = (
				48A9C4992508D7150066DE0D /* ViewController.swift in Sources */,
				48A9C4952508D7150066DE0D /* AppDelegate.swift in Sources */,
				48A9C4CA2508E4970066DE0D /* ImageViewController.swift in Sources */,
				48A9C4972508D7150066DE0D /* SceneDelegate.swift in Sources */,
				48A9C4C52508E22E0066DE0D /* CameraVC.swift in Sources */,
			);
			runOnlyForDeploymentPostprocessing = 0;
		};
		48A9C4A32508D7170066DE0D /* Sources */ = {
			isa = PBXSourcesBuildPhase;
			buildActionMask = 2147483647;
			files = (
				48A9C4AC2508D7170066DE0D /* ml_cicdTests.swift in Sources */,
			);
			runOnlyForDeploymentPostprocessing = 0;
		};
		48A9C4AE2508D7170066DE0D /* Sources */ = {
			isa = PBXSourcesBuildPhase;
			buildActionMask = 2147483647;
			files = (
				48A9C4B72508D7170066DE0D /* ml_cicdUITests.swift in Sources */,
			);
			runOnlyForDeploymentPostprocessing = 0;
		};
/* End PBXSourcesBuildPhase section */

/* Begin PBXTargetDependency section */
		48A9C4A92508D7170066DE0D /* PBXTargetDependency */ = {
			isa = PBXTargetDependency;
			target = 48A9C4902508D7150066DE0D /* ml-cicd */;
			targetProxy = 48A9C4A82508D7170066DE0D /* PBXContainerItemProxy */;
		};
		48A9C4B42508D7170066DE0D /* PBXTargetDependency */ = {
			isa = PBXTargetDependency;
			target = 48A9C4902508D7150066DE0D /* ml-cicd */;
			targetProxy = 48A9C4B32508D7170066DE0D /* PBXContainerItemProxy */;
		};
/* End PBXTargetDependency section */

/* Begin PBXVariantGroup section */
		48A9C49A2508D7150066DE0D /* Main.storyboard */ = {
			isa = PBXVariantGroup;
			children = (
				48A9C49B2508D7150066DE0D /* Base */,
			);
			name = Main.storyboard;
			sourceTree = "<group>";
		};
		48A9C49F2508D7170066DE0D /* LaunchScreen.storyboard */ = {
			isa = PBXVariantGroup;
			children = (
				48A9C4A02508D7170066DE0D /* Base */,
			);
			name = LaunchScreen.storyboard;
			sourceTree = "<group>";
		};
/* End PBXVariantGroup section */

/* Begin XCBuildConfiguration section */
		48A9C4B92508D7170066DE0D /* Debug */ = {
			isa = XCBuildConfiguration;
			buildSettings = {
				ALWAYS_SEARCH_USER_PATHS = NO;
				CLANG_ANALYZER_NONNULL = YES;
				CLANG_ANALYZER_NUMBER_OBJECT_CONVERSION = YES_AGGRESSIVE;
				CLANG_CXX_LANGUAGE_STANDARD = "gnu++14";
				CLANG_CXX_LIBRARY = "libc++";
				CLANG_ENABLE_MODULES = YES;
				CLANG_ENABLE_OBJC_ARC = YES;
				CLANG_ENABLE_OBJC_WEAK = YES;
				CLANG_WARN_BLOCK_CAPTURE_AUTORELEASING = YES;
				CLANG_WARN_BOOL_CONVERSION = YES;
				CLANG_WARN_COMMA = YES;
				CLANG_WARN_CONSTANT_CONVERSION = YES;
				CLANG_WARN_DEPRECATED_OBJC_IMPLEMENTATIONS = YES;
				CLANG_WARN_DIRECT_OBJC_ISA_USAGE = YES_ERROR;
				CLANG_WARN_DOCUMENTATION_COMMENTS = YES;
				CLANG_WARN_EMPTY_BODY = YES;
				CLANG_WARN_ENUM_CONVERSION = YES;
				CLANG_WARN_INFINITE_RECURSION = YES;
				CLANG_WARN_INT_CONVERSION = YES;
				CLANG_WARN_NON_LITERAL_NULL_CONVERSION = YES;
				CLANG_WARN_OBJC_IMPLICIT_RETAIN_SELF = YES;
				CLANG_WARN_OBJC_LITERAL_CONVERSION = YES;
				CLANG_WARN_OBJC_ROOT_CLASS = YES_ERROR;
				CLANG_WARN_RANGE_LOOP_ANALYSIS = YES;
				CLANG_WARN_STRICT_PROTOTYPES = YES;
				CLANG_WARN_SUSPICIOUS_MOVE = YES;
				CLANG_WARN_UNGUARDED_AVAILABILITY = YES_AGGRESSIVE;
				CLANG_WARN_UNREACHABLE_CODE = YES;
				CLANG_WARN__DUPLICATE_METHOD_MATCH = YES;
				COPY_PHASE_STRIP = NO;
				DEBUG_INFORMATION_FORMAT = dwarf;
				ENABLE_STRICT_OBJC_MSGSEND = YES;
				ENABLE_TESTABILITY = YES;
				GCC_C_LANGUAGE_STANDARD = gnu11;
				GCC_DYNAMIC_NO_PIC = NO;
				GCC_NO_COMMON_BLOCKS = YES;
				GCC_OPTIMIZATION_LEVEL = 0;
				GCC_PREPROCESSOR_DEFINITIONS = (
					"DEBUG=1",
					"$(inherited)",
				);
				GCC_WARN_64_TO_32_BIT_CONVERSION = YES;
				GCC_WARN_ABOUT_RETURN_TYPE = YES_ERROR;
				GCC_WARN_UNDECLARED_SELECTOR = YES;
				GCC_WARN_UNINITIALIZED_AUTOS = YES_AGGRESSIVE;
				GCC_WARN_UNUSED_FUNCTION = YES;
				GCC_WARN_UNUSED_VARIABLE = YES;
				IPHONEOS_DEPLOYMENT_TARGET = 13.6;
				MTL_ENABLE_DEBUG_INFO = INCLUDE_SOURCE;
				MTL_FAST_MATH = YES;
				ONLY_ACTIVE_ARCH = YES;
				SDKROOT = iphoneos;
				SWIFT_ACTIVE_COMPILATION_CONDITIONS = DEBUG;
				SWIFT_OPTIMIZATION_LEVEL = "-Onone";
			};
			name = Debug;
		};
		48A9C4BA2508D7170066DE0D /* Release */ = {
			isa = XCBuildConfiguration;
			buildSettings = {
				ALWAYS_SEARCH_USER_PATHS = NO;
				CLANG_ANALYZER_NONNULL = YES;
				CLANG_ANALYZER_NUMBER_OBJECT_CONVERSION = YES_AGGRESSIVE;
				CLANG_CXX_LANGUAGE_STANDARD = "gnu++14";
				CLANG_CXX_LIBRARY = "libc++";
				CLANG_ENABLE_MODULES = YES;
				CLANG_ENABLE_OBJC_ARC = YES;
				CLANG_ENABLE_OBJC_WEAK = YES;
				CLANG_WARN_BLOCK_CAPTURE_AUTORELEASING = YES;
				CLANG_WARN_BOOL_CONVERSION = YES;
				CLANG_WARN_COMMA = YES;
				CLANG_WARN_CONSTANT_CONVERSION = YES;
				CLANG_WARN_DEPRECATED_OBJC_IMPLEMENTATIONS = YES;
				CLANG_WARN_DIRECT_OBJC_ISA_USAGE = YES_ERROR;
				CLANG_WARN_DOCUMENTATION_COMMENTS = YES;
				CLANG_WARN_EMPTY_BODY = YES;
				CLANG_WARN_ENUM_CONVERSION = YES;
				CLANG_WARN_INFINITE_RECURSION = YES;
				CLANG_WARN_INT_CONVERSION = YES;
				CLANG_WARN_NON_LITERAL_NULL_CONVERSION = YES;
				CLANG_WARN_OBJC_IMPLICIT_RETAIN_SELF = YES;
				CLANG_WARN_OBJC_LITERAL_CONVERSION = YES;
				CLANG_WARN_OBJC_ROOT_CLASS = YES_ERROR;
				CLANG_WARN_RANGE_LOOP_ANALYSIS = YES;
				CLANG_WARN_STRICT_PROTOTYPES = YES;
				CLANG_WARN_SUSPICIOUS_MOVE = YES;
				CLANG_WARN_UNGUARDED_AVAILABILITY = YES_AGGRESSIVE;
				CLANG_WARN_UNREACHABLE_CODE = YES;
				CLANG_WARN__DUPLICATE_METHOD_MATCH = YES;
				COPY_PHASE_STRIP = NO;
				DEBUG_INFORMATION_FORMAT = "dwarf-with-dsym";
				ENABLE_NS_ASSERTIONS = NO;
				ENABLE_STRICT_OBJC_MSGSEND = YES;
				GCC_C_LANGUAGE_STANDARD = gnu11;
				GCC_NO_COMMON_BLOCKS = YES;
				GCC_WARN_64_TO_32_BIT_CONVERSION = YES;
				GCC_WARN_ABOUT_RETURN_TYPE = YES_ERROR;
				GCC_WARN_UNDECLARED_SELECTOR = YES;
				GCC_WARN_UNINITIALIZED_AUTOS = YES_AGGRESSIVE;
				GCC_WARN_UNUSED_FUNCTION = YES;
				GCC_WARN_UNUSED_VARIABLE = YES;
				IPHONEOS_DEPLOYMENT_TARGET = 13.6;
				MTL_ENABLE_DEBUG_INFO = NO;
				MTL_FAST_MATH = YES;
				SDKROOT = iphoneos;
				SWIFT_COMPILATION_MODE = wholemodule;
				SWIFT_OPTIMIZATION_LEVEL = "-O";
				VALIDATE_PRODUCT = YES;
			};
			name = Release;
		};
		48A9C4BC2508D7170066DE0D /* Debug */ = {
			isa = XCBuildConfiguration;
			baseConfigurationReference = FA32FDF1B07F90D3BE695D08 /* Pods-ml-cicd.debug.xcconfig */;
			buildSettings = {
				ASSETCATALOG_COMPILER_APPICON_NAME = AppIcon;
				CODE_SIGN_STYLE = Automatic;
				DEVELOPMENT_TEAM = 47GQ2RQZHZ;
				INFOPLIST_FILE = "ml-cicd/Info.plist";
				LD_RUNPATH_SEARCH_PATHS = (
					"$(inherited)",
					"@executable_path/Frameworks",
				);
				PRODUCT_BUNDLE_IDENTIFIER = "com.chiru.ml-cicd";
				PRODUCT_NAME = "$(TARGET_NAME)";
				SWIFT_VERSION = 5.0;
				TARGETED_DEVICE_FAMILY = "1,2";
			};
			name = Debug;
		};
		48A9C4BD2508D7170066DE0D /* Release */ = {
			isa = XCBuildConfiguration;
			baseConfigurationReference = 5175F1C530498B37C46F4393 /* Pods-ml-cicd.release.xcconfig */;
			buildSettings = {
				ASSETCATALOG_COMPILER_APPICON_NAME = AppIcon;
				CODE_SIGN_STYLE = Automatic;
				DEVELOPMENT_TEAM = 47GQ2RQZHZ;
				INFOPLIST_FILE = "ml-cicd/Info.plist";
				LD_RUNPATH_SEARCH_PATHS = (
					"$(inherited)",
					"@executable_path/Frameworks",
				);
				PRODUCT_BUNDLE_IDENTIFIER = "com.chiru.ml-cicd";
				PRODUCT_NAME = "$(TARGET_NAME)";
				SWIFT_VERSION = 5.0;
				TARGETED_DEVICE_FAMILY = "1,2";
			};
			name = Release;
		};
		48A9C4BF2508D7170066DE0D /* Debug */ = {
			isa = XCBuildConfiguration;
			baseConfigurationReference = 1226376B461264EE113370E0 /* Pods-ml-cicdTests.debug.xcconfig */;
			buildSettings = {
				ALWAYS_EMBED_SWIFT_STANDARD_LIBRARIES = YES;
				BUNDLE_LOADER = "$(TEST_HOST)";
				CODE_SIGN_STYLE = Automatic;
				DEVELOPMENT_TEAM = 47GQ2RQZHZ;
				INFOPLIST_FILE = "ml-cicdTests/Info.plist";
				IPHONEOS_DEPLOYMENT_TARGET = 13.6;
				LD_RUNPATH_SEARCH_PATHS = (
					"$(inherited)",
					"@executable_path/Frameworks",
					"@loader_path/Frameworks",
				);
				PRODUCT_BUNDLE_IDENTIFIER = "com.chiru.ml-cicdTests";
				PRODUCT_NAME = "$(TARGET_NAME)";
				SWIFT_VERSION = 5.0;
				TARGETED_DEVICE_FAMILY = "1,2";
				TEST_HOST = "$(BUILT_PRODUCTS_DIR)/ml-cicd.app/ml-cicd";
			};
			name = Debug;
		};
		48A9C4C02508D7170066DE0D /* Release */ = {
			isa = XCBuildConfiguration;
			baseConfigurationReference = C841E334EDCA7ACC131888C4 /* Pods-ml-cicdTests.release.xcconfig */;
			buildSettings = {
				ALWAYS_EMBED_SWIFT_STANDARD_LIBRARIES = YES;
				BUNDLE_LOADER = "$(TEST_HOST)";
				CODE_SIGN_STYLE = Automatic;
				DEVELOPMENT_TEAM = 47GQ2RQZHZ;
				INFOPLIST_FILE = "ml-cicdTests/Info.plist";
				IPHONEOS_DEPLOYMENT_TARGET = 13.6;
				LD_RUNPATH_SEARCH_PATHS = (
					"$(inherited)",
					"@executable_path/Frameworks",
					"@loader_path/Frameworks",
				);
				PRODUCT_BUNDLE_IDENTIFIER = "com.chiru.ml-cicdTests";
				PRODUCT_NAME = "$(TARGET_NAME)";
				SWIFT_VERSION = 5.0;
				TARGETED_DEVICE_FAMILY = "1,2";
				TEST_HOST = "$(BUILT_PRODUCTS_DIR)/ml-cicd.app/ml-cicd";
			};
			name = Release;
		};
		48A9C4C22508D7170066DE0D /* Debug */ = {
			isa = XCBuildConfiguration;
			baseConfigurationReference = 605605B4B673A99727653364 /* Pods-ml-cicd-ml-cicdUITests.debug.xcconfig */;
			buildSettings = {
				ALWAYS_EMBED_SWIFT_STANDARD_LIBRARIES = YES;
				CODE_SIGN_STYLE = Automatic;
				DEVELOPMENT_TEAM = 47GQ2RQZHZ;
				INFOPLIST_FILE = "ml-cicdUITests/Info.plist";
				LD_RUNPATH_SEARCH_PATHS = (
					"$(inherited)",
					"@executable_path/Frameworks",
					"@loader_path/Frameworks",
				);
				PRODUCT_BUNDLE_IDENTIFIER = "com.chiru.ml-cicdUITests";
				PRODUCT_NAME = "$(TARGET_NAME)";
				SWIFT_VERSION = 5.0;
				TARGETED_DEVICE_FAMILY = "1,2";
				TEST_TARGET_NAME = "ml-cicd";
			};
			name = Debug;
		};
		48A9C4C32508D7170066DE0D /* Release */ = {
			isa = XCBuildConfiguration;
			baseConfigurationReference = 8DF22A06A029737250FA5F12 /* Pods-ml-cicd-ml-cicdUITests.release.xcconfig */;
			buildSettings = {
				ALWAYS_EMBED_SWIFT_STANDARD_LIBRARIES = YES;
				CODE_SIGN_STYLE = Automatic;
				DEVELOPMENT_TEAM = 47GQ2RQZHZ;
				INFOPLIST_FILE = "ml-cicdUITests/Info.plist";
				LD_RUNPATH_SEARCH_PATHS = (
					"$(inherited)",
					"@executable_path/Frameworks",
					"@loader_path/Frameworks",
				);
				PRODUCT_BUNDLE_IDENTIFIER = "com.chiru.ml-cicdUITests";
				PRODUCT_NAME = "$(TARGET_NAME)";
				SWIFT_VERSION = 5.0;
				TARGETED_DEVICE_FAMILY = "1,2";
				TEST_TARGET_NAME = "ml-cicd";
			};
			name = Release;
		};
/* End XCBuildConfiguration section */

/* Begin XCConfigurationList section */
		48A9C48C2508D7150066DE0D /* Build configuration list for PBXProject "ml-cicd" */ = {
			isa = XCConfigurationList;
			buildConfigurations = (
				48A9C4B92508D7170066DE0D /* Debug */,
				48A9C4BA2508D7170066DE0D /* Release */,
			);
			defaultConfigurationIsVisible = 0;
			defaultConfigurationName = Release;
		};
		48A9C4BB2508D7170066DE0D /* Build configuration list for PBXNativeTarget "ml-cicd" */ = {
			isa = XCConfigurationList;
			buildConfigurations = (
				48A9C4BC2508D7170066DE0D /* Debug */,
				48A9C4BD2508D7170066DE0D /* Release */,
			);
			defaultConfigurationIsVisible = 0;
			defaultConfigurationName = Release;
		};
		48A9C4BE2508D7170066DE0D /* Build configuration list for PBXNativeTarget "ml-cicdTests" */ = {
			isa = XCConfigurationList;
			buildConfigurations = (
				48A9C4BF2508D7170066DE0D /* Debug */,
				48A9C4C02508D7170066DE0D /* Release */,
			);
			defaultConfigurationIsVisible = 0;
			defaultConfigurationName = Release;
		};
		48A9C4C12508D7170066DE0D /* Build configuration list for PBXNativeTarget "ml-cicdUITests" */ = {
			isa = XCConfigurationList;
			buildConfigurations = (
				48A9C4C22508D7170066DE0D /* Debug */,
				48A9C4C32508D7170066DE0D /* Release */,
			);
			defaultConfigurationIsVisible = 0;
			defaultConfigurationName = Release;
		};
/* End XCConfigurationList section */
	};
	rootObject = 48A9C4892508D7150066DE0D /* Project object */;
}
